
Microsoft Visual Studio Solution File, Format Version 12.00
# Visual Studio Version 17
VisualStudioVersion = 17.9.34728.123
MinimumVisualStudioVersion = 10.0.40219.1
Project("{9A19103F-16F7-4668-BE54-9A1E7A4F7556}") = "LogAnalyzer.Views", "LogAnalyzer.Views\LogAnalyzer.Views.csproj", "{729A3117-CBC1-4904-9090-7E0B6E440627}"
EndProject
Project("{9A19103F-16F7-4668-BE54-9A1E7A4F7556}") = "LogAnalyzer.Desktop", "LogAnalyzer.Desktop\LogAnalyzer.Desktop.csproj", "{8524BA7B-57D6-41CA-BA13-A8F6DC4DE5C7}"
	ProjectSection(ProjectDependencies) = postProject
		{C7A3F3F7-3584-4778-AB48-02FF96AAE4B2} = {C7A3F3F7-3584-4778-AB48-02FF96AAE4B2}
		{FF6B31C9-D2AD-45A0-98A9-97057E2B2A77} = {FF6B31C9-D2AD-45A0-98A9-97057E2B2A77}
	EndProjectSection
EndProject
Project("{9A19103F-16F7-4668-BE54-9A1E7A4F7556}") = "LogAnalyzer.ViewModels", "LogAnalyzer.ViewModels\LogAnalyzer.ViewModels.csproj", "{6466FD79-328E-4995-8665-0E26FA53C3DB}"
EndProject
Project("{9A19103F-16F7-4668-BE54-9A1E7A4F7556}") = "LogAnalyzer.Models.Data", "LogAnalyzer.Models.Data\LogAnalyzer.Models.Data.csproj", "{C14C41FB-5657-4AD6-9CF7-DB3A6385D606}"
EndProject
Project("{2150E333-8FDC-42A3-9474-1A3956D46DE8}") = "Source", "Source", "{F772124A-71A7-430A-8325-D68CBBE04872}"
EndProject
Project("{2150E333-8FDC-42A3-9474-1A3956D46DE8}") = "Models", "Models", "{BED705C9-CC38-4DBD-97D7-B5EDBC00C272}"
EndProject
Project("{9A19103F-16F7-4668-BE54-9A1E7A4F7556}") = "LogAnalyzer.Models", "LogAnalyzer.Models\LogAnalyzer.Models.csproj", "{2BD5B7A5-8CFB-4A0A-BD14-DCD87EB568AC}"
EndProject
Project("{9A19103F-16F7-4668-BE54-9A1E7A4F7556}") = "LogAnalyzer.Core.Repositories", "LogAnalyzer.Core.Repositories\LogAnalyzer.Core.Repositories.csproj", "{B40C9DD7-473E-41AD-A182-93CFF0C04FB5}"
EndProject
Project("{2150E333-8FDC-42A3-9474-1A3956D46DE8}") = "Core", "Core", "{C7965DA4-17A8-4EDE-8F08-23B880FFBF40}"
EndProject
Project("{9A19103F-16F7-4668-BE54-9A1E7A4F7556}") = "LogAnalyzer.Core", "LogAnalyzer.Core\LogAnalyzer.Core.csproj", "{4CC038DB-0A9E-4E1D-82A3-2DBE53A4EFBA}"
EndProject
Project("{9A19103F-16F7-4668-BE54-9A1E7A4F7556}") = "LogAnalyzer.Modules.BackendExtentions", "LogAnalyzer.Modules.BackendExtentions\LogAnalyzer.Modules.BackendExtentions.csproj", "{C7A3F3F7-3584-4778-AB48-02FF96AAE4B2}"
EndProject
Project("{9A19103F-16F7-4668-BE54-9A1E7A4F7556}") = "LogAnalyzer.Models.Events", "LogAnalyzer.Models.Events\LogAnalyzer.Models.Events.csproj", "{C07689A0-CF8E-44C8-B51D-CF831CC00559}"
EndProject
Project("{9A19103F-16F7-4668-BE54-9A1E7A4F7556}") = "LogAnalyzer.Resources", "LogAnalyzer.Resources\LogAnalyzer.Resources.csproj", "{F3EAD8CF-AD93-4D7F-8CA3-C65A6F0930EB}"
EndProject
Project("{2150E333-8FDC-42A3-9474-1A3956D46DE8}") = "Modules", "Modules", "{1DD8A009-4A4F-4494-A13A-F80D023ED7BA}"
EndProject
Project("{9A19103F-16F7-4668-BE54-9A1E7A4F7556}") = "LogAnalyzer.Modules.MainNavigationFeatures", "LogAnalyzer.Modules.MainNavigationFeatures\LogAnalyzer.Modules.MainNavigationFeatures.csproj", "{FF6B31C9-D2AD-45A0-98A9-97057E2B2A77}"
EndProject
Project("{9A19103F-16F7-4668-BE54-9A1E7A4F7556}") = "LogAnalyzer.Models.CommandQueue", "LogAnalyzer.Models.CommandManagement\LogAnalyzer.Models.CommandQueue.csproj", "{A9D45098-6F86-4BE0-A29C-C673F0162E50}"
EndProject
Project("{2150E333-8FDC-42A3-9474-1A3956D46DE8}") = "Services", "Services", "{4E4ABA1B-3D1C-414A-89D1-82D4431EECD7}"
EndProject
Project("{2150E333-8FDC-42A3-9474-1A3956D46DE8}") = "IO", "IO", "{33AE5358-F29C-4174-9D65-CA48DE257C98}"
EndProject
Project("{FAE04EC0-301F-11D3-BF4B-00C04F79EFBC}") = "LogAnalyzer.Services.IO", "LogAnalyzer.Services.IO\LogAnalyzer.Services.IO.csproj", "{8126B6ED-02C6-4D1D-AA8A-647ADE4E8F9B}"
EndProject
Global
	GlobalSection(SolutionConfigurationPlatforms) = preSolution
		Debug|Any CPU = Debug|Any CPU
		Release|Any CPU = Release|Any CPU
	EndGlobalSection
	GlobalSection(ProjectConfigurationPlatforms) = postSolution
		{729A3117-CBC1-4904-9090-7E0B6E440627}.Debug|Any CPU.ActiveCfg = Debug|Any CPU
		{729A3117-CBC1-4904-9090-7E0B6E440627}.Debug|Any CPU.Build.0 = Debug|Any CPU
		{729A3117-CBC1-4904-9090-7E0B6E440627}.Release|Any CPU.ActiveCfg = Release|Any CPU
		{729A3117-CBC1-4904-9090-7E0B6E440627}.Release|Any CPU.Build.0 = Release|Any CPU
		{8524BA7B-57D6-41CA-BA13-A8F6DC4DE5C7}.Debug|Any CPU.ActiveCfg = Debug|Any CPU
		{8524BA7B-57D6-41CA-BA13-A8F6DC4DE5C7}.Debug|Any CPU.Build.0 = Debug|Any CPU
		{8524BA7B-57D6-41CA-BA13-A8F6DC4DE5C7}.Release|Any CPU.ActiveCfg = Release|Any CPU
		{8524BA7B-57D6-41CA-BA13-A8F6DC4DE5C7}.Release|Any CPU.Build.0 = Release|Any CPU
		{6466FD79-328E-4995-8665-0E26FA53C3DB}.Debug|Any CPU.ActiveCfg = Debug|Any CPU
		{6466FD79-328E-4995-8665-0E26FA53C3DB}.Debug|Any CPU.Build.0 = Debug|Any CPU
		{6466FD79-328E-4995-8665-0E26FA53C3DB}.Release|Any CPU.ActiveCfg = Release|Any CPU
		{6466FD79-328E-4995-8665-0E26FA53C3DB}.Release|Any CPU.Build.0 = Release|Any CPU
		{C14C41FB-5657-4AD6-9CF7-DB3A6385D606}.Debug|Any CPU.ActiveCfg = Debug|Any CPU
		{C14C41FB-5657-4AD6-9CF7-DB3A6385D606}.Debug|Any CPU.Build.0 = Debug|Any CPU
		{C14C41FB-5657-4AD6-9CF7-DB3A6385D606}.Release|Any CPU.ActiveCfg = Release|Any CPU
		{C14C41FB-5657-4AD6-9CF7-DB3A6385D606}.Release|Any CPU.Build.0 = Release|Any CPU
		{2BD5B7A5-8CFB-4A0A-BD14-DCD87EB568AC}.Debug|Any CPU.ActiveCfg = Debug|Any CPU
		{2BD5B7A5-8CFB-4A0A-BD14-DCD87EB568AC}.Debug|Any CPU.Build.0 = Debug|Any CPU
		{2BD5B7A5-8CFB-4A0A-BD14-DCD87EB568AC}.Release|Any CPU.ActiveCfg = Release|Any CPU
		{2BD5B7A5-8CFB-4A0A-BD14-DCD87EB568AC}.Release|Any CPU.Build.0 = Release|Any CPU
		{B40C9DD7-473E-41AD-A182-93CFF0C04FB5}.Debug|Any CPU.ActiveCfg = Debug|Any CPU
		{B40C9DD7-473E-41AD-A182-93CFF0C04FB5}.Debug|Any CPU.Build.0 = Debug|Any CPU
		{B40C9DD7-473E-41AD-A182-93CFF0C04FB5}.Release|Any CPU.ActiveCfg = Release|Any CPU
		{B40C9DD7-473E-41AD-A182-93CFF0C04FB5}.Release|Any CPU.Build.0 = Release|Any CPU
		{4CC038DB-0A9E-4E1D-82A3-2DBE53A4EFBA}.Debug|Any CPU.ActiveCfg = Debug|Any CPU
		{4CC038DB-0A9E-4E1D-82A3-2DBE53A4EFBA}.Debug|Any CPU.Build.0 = Debug|Any CPU
		{4CC038DB-0A9E-4E1D-82A3-2DBE53A4EFBA}.Release|Any CPU.ActiveCfg = Release|Any CPU
		{4CC038DB-0A9E-4E1D-82A3-2DBE53A4EFBA}.Release|Any CPU.Build.0 = Release|Any CPU
		{C7A3F3F7-3584-4778-AB48-02FF96AAE4B2}.Debug|Any CPU.ActiveCfg = Debug|Any CPU
		{C7A3F3F7-3584-4778-AB48-02FF96AAE4B2}.Debug|Any CPU.Build.0 = Debug|Any CPU
		{C7A3F3F7-3584-4778-AB48-02FF96AAE4B2}.Release|Any CPU.ActiveCfg = Release|Any CPU
		{C7A3F3F7-3584-4778-AB48-02FF96AAE4B2}.Release|Any CPU.Build.0 = Release|Any CPU
		{C07689A0-CF8E-44C8-B51D-CF831CC00559}.Debug|Any CPU.ActiveCfg = Debug|Any CPU
		{C07689A0-CF8E-44C8-B51D-CF831CC00559}.Debug|Any CPU.Build.0 = Debug|Any CPU
		{C07689A0-CF8E-44C8-B51D-CF831CC00559}.Release|Any CPU.ActiveCfg = Release|Any CPU
		{C07689A0-CF8E-44C8-B51D-CF831CC00559}.Release|Any CPU.Build.0 = Release|Any CPU
		{F3EAD8CF-AD93-4D7F-8CA3-C65A6F0930EB}.Debug|Any CPU.ActiveCfg = Debug|Any CPU
		{F3EAD8CF-AD93-4D7F-8CA3-C65A6F0930EB}.Debug|Any CPU.Build.0 = Debug|Any CPU
		{F3EAD8CF-AD93-4D7F-8CA3-C65A6F0930EB}.Release|Any CPU.ActiveCfg = Release|Any CPU
		{F3EAD8CF-AD93-4D7F-8CA3-C65A6F0930EB}.Release|Any CPU.Build.0 = Release|Any CPU
		{FF6B31C9-D2AD-45A0-98A9-97057E2B2A77}.Debug|Any CPU.ActiveCfg = Debug|Any CPU
		{FF6B31C9-D2AD-45A0-98A9-97057E2B2A77}.Debug|Any CPU.Build.0 = Debug|Any CPU
		{FF6B31C9-D2AD-45A0-98A9-97057E2B2A77}.Release|Any CPU.ActiveCfg = Release|Any CPU
		{FF6B31C9-D2AD-45A0-98A9-97057E2B2A77}.Release|Any CPU.Build.0 = Release|Any CPU
		{A9D45098-6F86-4BE0-A29C-C673F0162E50}.Debug|Any CPU.ActiveCfg = Debug|Any CPU
		{A9D45098-6F86-4BE0-A29C-C673F0162E50}.Debug|Any CPU.Build.0 = Debug|Any CPU
		{A9D45098-6F86-4BE0-A29C-C673F0162E50}.Release|Any CPU.ActiveCfg = Release|Any CPU
		{A9D45098-6F86-4BE0-A29C-C673F0162E50}.Release|Any CPU.Build.0 = Release|Any CPU
		{8126B6ED-02C6-4D1D-AA8A-647ADE4E8F9B}.Debug|Any CPU.ActiveCfg = Debug|Any CPU
		{8126B6ED-02C6-4D1D-AA8A-647ADE4E8F9B}.Debug|Any CPU.Build.0 = Debug|Any CPU
		{8126B6ED-02C6-4D1D-AA8A-647ADE4E8F9B}.Release|Any CPU.ActiveCfg = Release|Any CPU
		{8126B6ED-02C6-4D1D-AA8A-647ADE4E8F9B}.Release|Any CPU.Build.0 = Release|Any CPU
	EndGlobalSection
	GlobalSection(SolutionProperties) = preSolution
		HideSolutionNode = FALSE
	EndGlobalSection
	GlobalSection(NestedProjects) = preSolution
		{729A3117-CBC1-4904-9090-7E0B6E440627} = {F772124A-71A7-430A-8325-D68CBBE04872}
		{6466FD79-328E-4995-8665-0E26FA53C3DB} = {F772124A-71A7-430A-8325-D68CBBE04872}
		{C14C41FB-5657-4AD6-9CF7-DB3A6385D606} = {BED705C9-CC38-4DBD-97D7-B5EDBC00C272}
		{BED705C9-CC38-4DBD-97D7-B5EDBC00C272} = {F772124A-71A7-430A-8325-D68CBBE04872}
		{2BD5B7A5-8CFB-4A0A-BD14-DCD87EB568AC} = {BED705C9-CC38-4DBD-97D7-B5EDBC00C272}
		{B40C9DD7-473E-41AD-A182-93CFF0C04FB5} = {C7965DA4-17A8-4EDE-8F08-23B880FFBF40}
		{C7965DA4-17A8-4EDE-8F08-23B880FFBF40} = {F772124A-71A7-430A-8325-D68CBBE04872}
		{4CC038DB-0A9E-4E1D-82A3-2DBE53A4EFBA} = {C7965DA4-17A8-4EDE-8F08-23B880FFBF40}
		{C7A3F3F7-3584-4778-AB48-02FF96AAE4B2} = {1DD8A009-4A4F-4494-A13A-F80D023ED7BA}
		{C07689A0-CF8E-44C8-B51D-CF831CC00559} = {BED705C9-CC38-4DBD-97D7-B5EDBC00C272}
		{F3EAD8CF-AD93-4D7F-8CA3-C65A6F0930EB} = {F772124A-71A7-430A-8325-D68CBBE04872}
		{1DD8A009-4A4F-4494-A13A-F80D023ED7BA} = {F772124A-71A7-430A-8325-D68CBBE04872}
		{FF6B31C9-D2AD-45A0-98A9-97057E2B2A77} = {1DD8A009-4A4F-4494-A13A-F80D023ED7BA}
		{A9D45098-6F86-4BE0-A29C-C673F0162E50} = {BED705C9-CC38-4DBD-97D7-B5EDBC00C272}
		{4E4ABA1B-3D1C-414A-89D1-82D4431EECD7} = {F772124A-71A7-430A-8325-D68CBBE04872}
		{33AE5358-F29C-4174-9D65-CA48DE257C98} = {4E4ABA1B-3D1C-414A-89D1-82D4431EECD7}
		{8126B6ED-02C6-4D1D-AA8A-647ADE4E8F9B} = {33AE5358-F29C-4174-9D65-CA48DE257C98}
	EndGlobalSection
	GlobalSection(ExtensibilityGlobals) = postSolution
		SolutionGuid = {F374DC6E-3A7E-4FEB-B081-2231B552DC44}
	EndGlobalSection
EndGlobal
